
Microsoft Visual Studio Solution File, Format Version 12.00
# Visual Studio Version 16
VisualStudioVersion = 16.0.29102.190
MinimumVisualStudioVersion = 10.0.40219.1
Project("{FAE04EC0-301F-11D3-BF4B-00C04F79EFBC}") = "EchoIP", "EchoIP\EchoIP.csproj", "{C41C62D4-18E0-42AD-B62E-202791202803}"
EndProject
Global
	GlobalSection(SolutionConfigurationPlatforms) = preSolution
		Debug|Any CPU = Debug|Any CPU
		Release|Any CPU = Release|Any CPU
	EndGlobalSection
	GlobalSection(ProjectConfigurationPlatforms) = postSolution
		{C41C62D4-18E0-42AD-B62E-202791202803}.Debug|Any CPU.ActiveCfg = Debug|Any CPU
		{C41C62D4-18E0-42AD-B62E-202791202803}.Debug|Any CPU.Build.0 = Debug|Any CPU
		{C41C62D4-18E0-42AD-B62E-202791202803}.Release|Any CPU.ActiveCfg = Release|Any CPU
		{C41C62D4-18E0-42AD-B62E-202791202803}.Release|Any CPU.Build.0 = Release|Any CPU
	EndGlobalSection
	GlobalSection(SolutionProperties) = preSolution
		HideSolutionNode = FALSE
	EndGlobalSection
	GlobalSection(ExtensibilityGlobals) = postSolution
		SolutionGuid = {3A0FAFDA-1F1D-481D-843D-F0F23BF181A3}
	EndGlobalSection
EndGlobal
